
Microsoft Visual Studio Solution File, Format Version 12.00
# Visual Studio 15
VisualStudioVersion = 15.0.28010.2026
MinimumVisualStudioVersion = 10.0.40219.1
Project("{8BC9CEB8-8B4A-11D0-8D11-00A0C91BC942}") = "WebServer", "WebServer\WebServer.vcxproj", "{167B3E1E-AA7A-4A3B-A050-F6D88D4EA468}"
EndProject
Global
	GlobalSection(SolutionConfigurationPlatforms) = preSolution
		Debug|x64 = Debug|x64
		Debug|x86 = Debug|x86
		Release|x64 = Release|x64
		Release|x86 = Release|x86
	EndGlobalSection
	GlobalSection(ProjectConfigurationPlatforms) = postSolution
		{167B3E1E-AA7A-4A3B-A050-F6D88D4EA468}.Debug|x64.ActiveCfg = Debug|x64
		{167B3E1E-AA7A-4A3B-A050-F6D88D4EA468}.Debug|x64.Build.0 = Debug|x64
		{167B3E1E-AA7A-4A3B-A050-F6D88D4EA468}.Debug|x86.ActiveCfg = Debug|Win32
		{167B3E1E-AA7A-4A3B-A050-F6D88D4EA468}.Debug|x86.Build.0 = Debug|Win32
		{167B3E1E-AA7A-4A3B-A050-F6D88D4EA468}.Release|x64.ActiveCfg = Release|x64
		{167B3E1E-AA7A-4A3B-A050-F6D88D4EA468}.Release|x64.Build.0 = Release|x64
		{167B3E1E-AA7A-4A3B-A050-F6D88D4EA468}.Release|x86.ActiveCfg = Release|Win32
		{167B3E1E-AA7A-4A3B-A050-F6D88D4EA468}.Release|x86.Build.0 = Release|Win32
	EndGlobalSection
	GlobalSection(SolutionProperties) = preSolution
		HideSolutionNode = FALSE
	EndGlobalSection
	GlobalSection(ExtensibilityGlobals) = postSolution
		SolutionGuid = {2D10E75A-C500-4450-8D7A-DBAA45B10E94}
	EndGlobalSection
EndGlobal
